
Microsoft Visual Studio Solution File, Format Version 12.00
# Visual Studio 15
VisualStudioVersion = 15.0.28307.489
MinimumVisualStudioVersion = 10.0.40219.1
Project("{FAE04EC0-301F-11D3-BF4B-00C04F79EFBC}") = "Exercicio041_List", "Exercicio041_List\Exercicio041_List.csproj", "{655FCA8D-E15C-4C01-85E8-D6DE6F462899}"
EndProject
Project("{FAE04EC0-301F-11D3-BF4B-00C04F79EFBC}") = "Exercicio042_MetodosDeExtensaoGenericos", "Exercicio042_MetodosDeExtensaoGenericos\Exercicio042_MetodosDeExtensaoGenericos.csproj", "{83361369-E600-400F-A3DF-60F12D77E27F}"
EndProject
Project("{FAE04EC0-301F-11D3-BF4B-00C04F79EFBC}") = "Exercicio043_TipoImplicitoVar", "Exercicio043_TipoImplicitoVar\Exercicio043_TipoImplicitoVar.csproj", "{E14AF817-55F9-4106-B398-4559559B5434}"
EndProject
Project("{FAE04EC0-301F-11D3-BF4B-00C04F79EFBC}") = "Exercicio044_Sort", "Exercicio044_Sort\Exercicio044_Sort.csproj", "{7AE0B190-6790-4B8F-96FA-4D69446C4D5C}"
EndProject
Project("{FAE04EC0-301F-11D3-BF4B-00C04F79EFBC}") = "Exercicio045_InterfaceIComparable", "Exercicio045_InterfaceIComparable\Exercicio045_InterfaceIComparable.csproj", "{D636CABC-5F4B-42E0-8CF1-55F671665C57}"
EndProject
Project("{FAE04EC0-301F-11D3-BF4B-00C04F79EFBC}") = "Exercicio046_OrderBy", "Exercicio046_OrderBy\Exercicio046_OrderBy.csproj", "{0423270A-1734-48FC-AA02-076E6FACAE04}"
EndProject
Project("{FAE04EC0-301F-11D3-BF4B-00C04F79EFBC}") = "Exercicio047_Where", "Exercicio047_Where\Exercicio047_Where.csproj", "{83482CE3-EC82-4AA9-815E-AE79213CA512}"
EndProject
Project("{FAE04EC0-301F-11D3-BF4B-00C04F79EFBC}") = "ClassesAuxiliares", "ClassesAuxiliares\ClassesAuxiliares.csproj", "{A2D0EAB2-A927-44F2-B5E6-6CB11C6713DA}"
EndProject
Global
	GlobalSection(SolutionConfigurationPlatforms) = preSolution
		Debug|Any CPU = Debug|Any CPU
		Release|Any CPU = Release|Any CPU
	EndGlobalSection
	GlobalSection(ProjectConfigurationPlatforms) = postSolution
		{655FCA8D-E15C-4C01-85E8-D6DE6F462899}.Debug|Any CPU.ActiveCfg = Debug|Any CPU
		{655FCA8D-E15C-4C01-85E8-D6DE6F462899}.Debug|Any CPU.Build.0 = Debug|Any CPU
		{655FCA8D-E15C-4C01-85E8-D6DE6F462899}.Release|Any CPU.ActiveCfg = Release|Any CPU
		{655FCA8D-E15C-4C01-85E8-D6DE6F462899}.Release|Any CPU.Build.0 = Release|Any CPU
		{83361369-E600-400F-A3DF-60F12D77E27F}.Debug|Any CPU.ActiveCfg = Debug|Any CPU
		{83361369-E600-400F-A3DF-60F12D77E27F}.Debug|Any CPU.Build.0 = Debug|Any CPU
		{83361369-E600-400F-A3DF-60F12D77E27F}.Release|Any CPU.ActiveCfg = Release|Any CPU
		{83361369-E600-400F-A3DF-60F12D77E27F}.Release|Any CPU.Build.0 = Release|Any CPU
		{E14AF817-55F9-4106-B398-4559559B5434}.Debug|Any CPU.ActiveCfg = Debug|Any CPU
		{E14AF817-55F9-4106-B398-4559559B5434}.Debug|Any CPU.Build.0 = Debug|Any CPU
		{E14AF817-55F9-4106-B398-4559559B5434}.Release|Any CPU.ActiveCfg = Release|Any CPU
		{E14AF817-55F9-4106-B398-4559559B5434}.Release|Any CPU.Build.0 = Release|Any CPU
		{7AE0B190-6790-4B8F-96FA-4D69446C4D5C}.Debug|Any CPU.ActiveCfg = Debug|Any CPU
		{7AE0B190-6790-4B8F-96FA-4D69446C4D5C}.Debug|Any CPU.Build.0 = Debug|Any CPU
		{7AE0B190-6790-4B8F-96FA-4D69446C4D5C}.Release|Any CPU.ActiveCfg = Release|Any CPU
		{7AE0B190-6790-4B8F-96FA-4D69446C4D5C}.Release|Any CPU.Build.0 = Release|Any CPU
		{D636CABC-5F4B-42E0-8CF1-55F671665C57}.Debug|Any CPU.ActiveCfg = Debug|Any CPU
		{D636CABC-5F4B-42E0-8CF1-55F671665C57}.Debug|Any CPU.Build.0 = Debug|Any CPU
		{D636CABC-5F4B-42E0-8CF1-55F671665C57}.Release|Any CPU.ActiveCfg = Release|Any CPU
		{D636CABC-5F4B-42E0-8CF1-55F671665C57}.Release|Any CPU.Build.0 = Release|Any CPU
		{0423270A-1734-48FC-AA02-076E6FACAE04}.Debug|Any CPU.ActiveCfg = Debug|Any CPU
		{0423270A-1734-48FC-AA02-076E6FACAE04}.Debug|Any CPU.Build.0 = Debug|Any CPU
		{0423270A-1734-48FC-AA02-076E6FACAE04}.Release|Any CPU.ActiveCfg = Release|Any CPU
		{0423270A-1734-48FC-AA02-076E6FACAE04}.Release|Any CPU.Build.0 = Release|Any CPU
		{83482CE3-EC82-4AA9-815E-AE79213CA512}.Debug|Any CPU.ActiveCfg = Debug|Any CPU
		{83482CE3-EC82-4AA9-815E-AE79213CA512}.Debug|Any CPU.Build.0 = Debug|Any CPU
		{83482CE3-EC82-4AA9-815E-AE79213CA512}.Release|Any CPU.ActiveCfg = Release|Any CPU
		{83482CE3-EC82-4AA9-815E-AE79213CA512}.Release|Any CPU.Build.0 = Release|Any CPU
		{A2D0EAB2-A927-44F2-B5E6-6CB11C6713DA}.Debug|Any CPU.ActiveCfg = Debug|Any CPU
		{A2D0EAB2-A927-44F2-B5E6-6CB11C6713DA}.Debug|Any CPU.Build.0 = Debug|Any CPU
		{A2D0EAB2-A927-44F2-B5E6-6CB11C6713DA}.Release|Any CPU.ActiveCfg = Release|Any CPU
		{A2D0EAB2-A927-44F2-B5E6-6CB11C6713DA}.Release|Any CPU.Build.0 = Release|Any CPU
	EndGlobalSection
	GlobalSection(SolutionProperties) = preSolution
		HideSolutionNode = FALSE
	EndGlobalSection
	GlobalSection(ExtensibilityGlobals) = postSolution
		SolutionGuid = {F352BCA6-B64F-4F42-845D-40D04F005C5B}
	EndGlobalSection
EndGlobal
