
Microsoft Visual Studio Solution File, Format Version 12.00
# Visual Studio 15
VisualStudioVersion = 15.0.28307.489
MinimumVisualStudioVersion = 10.0.40219.1
Project("{FAE04EC0-301F-11D3-BF4B-00C04F79EFBC}") = "Curso9_IOStreams", "Curso9_IOStreams\Curso9_IOStreams.csproj", "{7B5CE399-9FA9-4E09-A177-78C3C75D61AB}"
EndProject
Global
	GlobalSection(SolutionConfigurationPlatforms) = preSolution
		Debug|Any CPU = Debug|Any CPU
		Release|Any CPU = Release|Any CPU
	EndGlobalSection
	GlobalSection(ProjectConfigurationPlatforms) = postSolution
		{7B5CE399-9FA9-4E09-A177-78C3C75D61AB}.Debug|Any CPU.ActiveCfg = Debug|Any CPU
		{7B5CE399-9FA9-4E09-A177-78C3C75D61AB}.Debug|Any CPU.Build.0 = Debug|Any CPU
		{7B5CE399-9FA9-4E09-A177-78C3C75D61AB}.Release|Any CPU.ActiveCfg = Release|Any CPU
		{7B5CE399-9FA9-4E09-A177-78C3C75D61AB}.Release|Any CPU.Build.0 = Release|Any CPU
	EndGlobalSection
	GlobalSection(SolutionProperties) = preSolution
		HideSolutionNode = FALSE
	EndGlobalSection
	GlobalSection(ExtensibilityGlobals) = postSolution
		SolutionGuid = {5EBA1D3F-E6ED-4A87-8794-C002B538DB6B}
	EndGlobalSection
EndGlobal
