
Microsoft Visual Studio Solution File, Format Version 12.00
# Visual Studio 15
VisualStudioVersion = 15.0.28307.489
MinimumVisualStudioVersion = 10.0.40219.1
Project("{FAE04EC0-301F-11D3-BF4B-00C04F79EFBC}") = "Exercicio031_TipoImutavel", "Exercicio031_TipoImutavel\Exercicio031_TipoImutavel.csproj", "{28B27064-8C34-412A-BC27-DB5683825610}"
EndProject
Project("{FAE04EC0-301F-11D3-BF4B-00C04F79EFBC}") = "Exercicio032_MontandoUmaURL", "Exercicio031_MontandoUmaURL\Exercicio032_MontandoUmaURL.csproj", "{BD2FDC9E-6CC5-4733-90A6-F7CCB7CC55D5}"
EndProject
Project("{FAE04EC0-301F-11D3-BF4B-00C04F79EFBC}") = "Exercicio033_IndexOf", "Exercicio033_IndexOf\Exercicio033_IndexOf.csproj", "{59DABBB1-A164-499B-A997-6465C10433C3}"
EndProject
Project("{FAE04EC0-301F-11D3-BF4B-00C04F79EFBC}") = "TesteIsNullOrEmpty", "TesteIsNullOrEmpty\TesteIsNullOrEmpty.csproj", "{E265C636-77DE-4C44-B4D3-613FEA70EFD4}"
EndProject
Project("{FAE04EC0-301F-11D3-BF4B-00C04F79EFBC}") = "TesteLengthESobrecargasDeIndexOf", "TesteLengthESobrecargasDeIndexOf\TesteLengthESobrecargasDeIndexOf.csproj", "{51571439-E150-44AF-8505-F59B2DB2411C}"
EndProject
Project("{FAE04EC0-301F-11D3-BF4B-00C04F79EFBC}") = "TesteMetodoRemove", "TesteMetodoRemove\TesteMetodoRemove.csproj", "{71632198-4DBF-45BF-A8C4-B23F75DD5E46}"
EndProject
Project("{FAE04EC0-301F-11D3-BF4B-00C04F79EFBC}") = "TesteToLowerToUpper", "TesteToLowerToUpper\TesteToLowerToUpper.csproj", "{AA557A6B-3AFD-4D59-B54B-747069AAE316}"
EndProject
Project("{FAE04EC0-301F-11D3-BF4B-00C04F79EFBC}") = "TesteStartsWithEndsWithContains", "TesteStartsWithEndsWithContains\TesteStartsWithEndsWithContains.csproj", "{FA01CCBA-2F1A-4D26-9F41-EDC837640C5C}"
EndProject
Global
	GlobalSection(SolutionConfigurationPlatforms) = preSolution
		Debug|Any CPU = Debug|Any CPU
		Release|Any CPU = Release|Any CPU
	EndGlobalSection
	GlobalSection(ProjectConfigurationPlatforms) = postSolution
		{28B27064-8C34-412A-BC27-DB5683825610}.Debug|Any CPU.ActiveCfg = Debug|Any CPU
		{28B27064-8C34-412A-BC27-DB5683825610}.Debug|Any CPU.Build.0 = Debug|Any CPU
		{28B27064-8C34-412A-BC27-DB5683825610}.Release|Any CPU.ActiveCfg = Release|Any CPU
		{28B27064-8C34-412A-BC27-DB5683825610}.Release|Any CPU.Build.0 = Release|Any CPU
		{BD2FDC9E-6CC5-4733-90A6-F7CCB7CC55D5}.Debug|Any CPU.ActiveCfg = Debug|Any CPU
		{BD2FDC9E-6CC5-4733-90A6-F7CCB7CC55D5}.Debug|Any CPU.Build.0 = Debug|Any CPU
		{BD2FDC9E-6CC5-4733-90A6-F7CCB7CC55D5}.Release|Any CPU.ActiveCfg = Release|Any CPU
		{BD2FDC9E-6CC5-4733-90A6-F7CCB7CC55D5}.Release|Any CPU.Build.0 = Release|Any CPU
		{59DABBB1-A164-499B-A997-6465C10433C3}.Debug|Any CPU.ActiveCfg = Debug|Any CPU
		{59DABBB1-A164-499B-A997-6465C10433C3}.Debug|Any CPU.Build.0 = Debug|Any CPU
		{59DABBB1-A164-499B-A997-6465C10433C3}.Release|Any CPU.ActiveCfg = Release|Any CPU
		{59DABBB1-A164-499B-A997-6465C10433C3}.Release|Any CPU.Build.0 = Release|Any CPU
		{E265C636-77DE-4C44-B4D3-613FEA70EFD4}.Debug|Any CPU.ActiveCfg = Debug|Any CPU
		{E265C636-77DE-4C44-B4D3-613FEA70EFD4}.Debug|Any CPU.Build.0 = Debug|Any CPU
		{E265C636-77DE-4C44-B4D3-613FEA70EFD4}.Release|Any CPU.ActiveCfg = Release|Any CPU
		{E265C636-77DE-4C44-B4D3-613FEA70EFD4}.Release|Any CPU.Build.0 = Release|Any CPU
		{51571439-E150-44AF-8505-F59B2DB2411C}.Debug|Any CPU.ActiveCfg = Debug|Any CPU
		{51571439-E150-44AF-8505-F59B2DB2411C}.Debug|Any CPU.Build.0 = Debug|Any CPU
		{51571439-E150-44AF-8505-F59B2DB2411C}.Release|Any CPU.ActiveCfg = Release|Any CPU
		{51571439-E150-44AF-8505-F59B2DB2411C}.Release|Any CPU.Build.0 = Release|Any CPU
		{71632198-4DBF-45BF-A8C4-B23F75DD5E46}.Debug|Any CPU.ActiveCfg = Debug|Any CPU
		{71632198-4DBF-45BF-A8C4-B23F75DD5E46}.Debug|Any CPU.Build.0 = Debug|Any CPU
		{71632198-4DBF-45BF-A8C4-B23F75DD5E46}.Release|Any CPU.ActiveCfg = Release|Any CPU
		{71632198-4DBF-45BF-A8C4-B23F75DD5E46}.Release|Any CPU.Build.0 = Release|Any CPU
		{AA557A6B-3AFD-4D59-B54B-747069AAE316}.Debug|Any CPU.ActiveCfg = Debug|Any CPU
		{AA557A6B-3AFD-4D59-B54B-747069AAE316}.Debug|Any CPU.Build.0 = Debug|Any CPU
		{AA557A6B-3AFD-4D59-B54B-747069AAE316}.Release|Any CPU.ActiveCfg = Release|Any CPU
		{AA557A6B-3AFD-4D59-B54B-747069AAE316}.Release|Any CPU.Build.0 = Release|Any CPU
		{FA01CCBA-2F1A-4D26-9F41-EDC837640C5C}.Debug|Any CPU.ActiveCfg = Debug|Any CPU
		{FA01CCBA-2F1A-4D26-9F41-EDC837640C5C}.Debug|Any CPU.Build.0 = Debug|Any CPU
		{FA01CCBA-2F1A-4D26-9F41-EDC837640C5C}.Release|Any CPU.ActiveCfg = Release|Any CPU
		{FA01CCBA-2F1A-4D26-9F41-EDC837640C5C}.Release|Any CPU.Build.0 = Release|Any CPU
	EndGlobalSection
	GlobalSection(SolutionProperties) = preSolution
		HideSolutionNode = FALSE
	EndGlobalSection
	GlobalSection(ExtensibilityGlobals) = postSolution
		SolutionGuid = {5DAD891F-9A54-4EF1-8CDD-2632111664BF}
	EndGlobalSection
EndGlobal
